{
  "object": {
    "pins": [
      {
        "package": "CafSolutions",
        "repositoryURL": "https://github.com/combateafraude/CafSolutions.git",
        "state": {
          "branch": null,
          "revision": "d563151e8281b86332e7a6860c81b22f25afae52",
          "version": "1.0.2"
        }
      },
      {
        "package": "FingerprintPro",
        "repositoryURL": "https://github.com/fingerprintjs/fingerprintjs-pro-ios.git",
        "state": {
          "branch": null,
          "revision": "df75db119bc63f51e8b4d8c9e4edf0f38f346912",
          "version": "2.6.0"
        }
      },
      {
        "package": "iProov",
        "repositoryURL": "https://github.com/iProov/ios.git",
        "state": {
          "branch": null,
          "revision": "f25b16d906e9ba3a1210be8ad8b503526d3bfa03",
          "version": "12.2.2"
        }
      }
    ]
  },
  "version": 1
}
